// !$*UTF8*$!
{
	archiveVersion = 1;
	classes = {
	};
	objectVersion = 56;
	objects = {

/* Begin PBXBuildFile section */
		A00000000000000000000001 /* OMNewsWatcherApp.swift in Sources */ = {isa = PBXBuildFile; fileRef = B00000000000000000000001 /* OMNewsWatcherApp.swift */; };
		A00000000000000000000002 /* JSONValue.swift in Sources */ = {isa = PBXBuildFile; fileRef = B00000000000000000000002 /* JSONValue.swift */; };
		A00000000000000000000003 /* SourceRecord.swift in Sources */ = {isa = PBXBuildFile; fileRef = B00000000000000000000003 /* SourceRecord.swift */; };
		A00000000000000000000004 /* KeychainStore.swift in Sources */ = {isa = PBXBuildFile; fileRef = B00000000000000000000004 /* KeychainStore.swift */; };
		A00000000000000000000005 /* GitHubClient.swift in Sources */ = {isa = PBXBuildFile; fileRef = B00000000000000000000005 /* GitHubClient.swift */; };
		A00000000000000000000006 /* AppViewModel.swift in Sources */ = {isa = PBXBuildFile; fileRef = B00000000000000000000006 /* AppViewModel.swift */; };
		A00000000000000000000007 /* ContentView.swift in Sources */ = {isa = PBXBuildFile; fileRef = B00000000000000000000007 /* ContentView.swift */; };
		A00000000000000000000008 /* SourceEditorView.swift in Sources */ = {isa = PBXBuildFile; fileRef = B00000000000000000000008 /* SourceEditorView.swift */; };
		A00000000000000000000009 /* SettingsView.swift in Sources */ = {isa = PBXBuildFile; fileRef = B00000000000000000000009 /* SettingsView.swift */; };
		A0000000000000000000000A /* SourceTestResult.swift in Sources */ = {isa = PBXBuildFile; fileRef = B0000000000000000000000B /* SourceTestResult.swift */; };
		A0000000000000000000000B /* SourceTester.swift in Sources */ = {isa = PBXBuildFile; fileRef = B0000000000000000000000C /* SourceTester.swift */; };
		A0000000000000000000000C /* ProblemSourcesView.swift in Sources */ = {isa = PBXBuildFile; fileRef = B0000000000000000000000D /* ProblemSourcesView.swift */; };
		A0000000000000000000000D /* Assets.xcassets in Resources */ = {isa = PBXBuildFile; fileRef = B0000000000000000000000E /* Assets.xcassets */; };
/* End PBXBuildFile section */

/* Begin PBXFileReference section */
		B00000000000000000000001 /* OMNewsWatcherApp.swift */ = {isa = PBXFileReference; lastKnownFileType = sourcecode.swift; path = OMNewsWatcherApp.swift; sourceTree = "<group>"; };
		B00000000000000000000002 /* JSONValue.swift */ = {isa = PBXFileReference; lastKnownFileType = sourcecode.swift; path = JSONValue.swift; sourceTree = "<group>"; };
		B00000000000000000000003 /* SourceRecord.swift */ = {isa = PBXFileReference; lastKnownFileType = sourcecode.swift; path = SourceRecord.swift; sourceTree = "<group>"; };
		B00000000000000000000004 /* KeychainStore.swift */ = {isa = PBXFileReference; lastKnownFileType = sourcecode.swift; path = KeychainStore.swift; sourceTree = "<group>"; };
		B00000000000000000000005 /* GitHubClient.swift */ = {isa = PBXFileReference; lastKnownFileType = sourcecode.swift; path = GitHubClient.swift; sourceTree = "<group>"; };
		B00000000000000000000006 /* AppViewModel.swift */ = {isa = PBXFileReference; lastKnownFileType = sourcecode.swift; path = AppViewModel.swift; sourceTree = "<group>"; };
		B00000000000000000000007 /* ContentView.swift */ = {isa = PBXFileReference; lastKnownFileType = sourcecode.swift; path = ContentView.swift; sourceTree = "<group>"; };
		B00000000000000000000008 /* SourceEditorView.swift */ = {isa = PBXFileReference; lastKnownFileType = sourcecode.swift; path = SourceEditorView.swift; sourceTree = "<group>"; };
		B00000000000000000000009 /* SettingsView.swift */ = {isa = PBXFileReference; lastKnownFileType = sourcecode.swift; path = SettingsView.swift; sourceTree = "<group>"; };
		B0000000000000000000000A /* OM News Watcher.app */ = {isa = PBXFileReference; explicitFileType = wrapper.application; includeInIndex = 0; path = "OM News Watcher.app"; sourceTree = BUILT_PRODUCTS_DIR; };
		B0000000000000000000000B /* SourceTestResult.swift */ = {isa = PBXFileReference; lastKnownFileType = sourcecode.swift; path = SourceTestResult.swift; sourceTree = "<group>"; };
		B0000000000000000000000C /* SourceTester.swift */ = {isa = PBXFileReference; lastKnownFileType = sourcecode.swift; path = SourceTester.swift; sourceTree = "<group>"; };
		B0000000000000000000000D /* ProblemSourcesView.swift */ = {isa = PBXFileReference; lastKnownFileType = sourcecode.swift; path = ProblemSourcesView.swift; sourceTree = "<group>"; };
		B0000000000000000000000E /* Assets.xcassets */ = {isa = PBXFileReference; lastKnownFileType = folder.assetcatalog; path = Assets.xcassets; sourceTree = "<group>"; };
/* End PBXFileReference section */

/* Begin PBXFrameworksBuildPhase section */
		C00000000000000000000001 /* Frameworks */ = {
			isa = PBXFrameworksBuildPhase;
			buildActionMask = 2147483647;
			files = (
			);
			runOnlyForDeploymentPostprocessing = 0;
		};
/* End PBXFrameworksBuildPhase section */

/* Begin PBXGroup section */
		D00000000000000000000001 = {
			isa = PBXGroup;
			children = (
				D00000000000000000000002 /* OMNewsWatcher */,
				D00000000000000000000007 /* Products */,
			);
			sourceTree = "<group>";
		};
		D00000000000000000000002 /* OMNewsWatcher */ = {
			isa = PBXGroup;
			children = (
				B00000000000000000000001 /* OMNewsWatcherApp.swift */,
				D00000000000000000000003 /* Models */,
				D00000000000000000000004 /* Services */,
				D00000000000000000000005 /* ViewModels */,
				D00000000000000000000006 /* Views */,
				D00000000000000000000008 /* Resources */,
			);
			path = OMNewsWatcher;
			sourceTree = "<group>";
		};
		D00000000000000000000003 /* Models */ = {
			isa = PBXGroup;
			children = (
				B00000000000000000000002 /* JSONValue.swift */,
				B00000000000000000000003 /* SourceRecord.swift */,
				B0000000000000000000000B /* SourceTestResult.swift */,
			);
			path = Models;
			sourceTree = "<group>";
		};
		D00000000000000000000004 /* Services */ = {
			isa = PBXGroup;
			children = (
				B00000000000000000000004 /* KeychainStore.swift */,
				B00000000000000000000005 /* GitHubClient.swift */,
				B0000000000000000000000C /* SourceTester.swift */,
			);
			path = Services;
			sourceTree = "<group>";
		};
		D00000000000000000000005 /* ViewModels */ = {
			isa = PBXGroup;
			children = (
				B00000000000000000000006 /* AppViewModel.swift */,
			);
			path = ViewModels;
			sourceTree = "<group>";
		};
		D00000000000000000000006 /* Views */ = {
			isa = PBXGroup;
			children = (
				B00000000000000000000007 /* ContentView.swift */,
				B00000000000000000000008 /* SourceEditorView.swift */,
				B00000000000000000000009 /* SettingsView.swift */,
				B0000000000000000000000D /* ProblemSourcesView.swift */,
			);
			path = Views;
			sourceTree = "<group>";
		};
		D00000000000000000000008 /* Resources */ = {
			isa = PBXGroup;
			children = (
				B0000000000000000000000E /* Assets.xcassets */,
			);
			path = Resources;
			sourceTree = "<group>";
		};
		D00000000000000000000007 /* Products */ = {
			isa = PBXGroup;
			children = (
				B0000000000000000000000A /* OM News Watcher.app */,
			);
			name = Products;
			sourceTree = "<group>";
		};
/* End PBXGroup section */

/* Begin PBXNativeTarget section */
		E00000000000000000000001 /* OMNewsWatcher */ = {
			isa = PBXNativeTarget;
			buildConfigurationList = H00000000000000000000002 /* Build configuration list for PBXNativeTarget "OMNewsWatcher" */;
			buildPhases = (
				F00000000000000000000001 /* Sources */,
				C00000000000000000000001 /* Frameworks */,
				F00000000000000000000002 /* Resources */,
			);
			buildRules = (
			);
			dependencies = (
			);
			name = OMNewsWatcher;
			productName = "OM News Watcher";
			productReference = B0000000000000000000000A /* OM News Watcher.app */;
			productType = "com.apple.product-type.application";
		};
/* End PBXNativeTarget section */

/* Begin PBXProject section */
		E00000000000000000000002 /* Project object */ = {
			isa = PBXProject;
			attributes = {
				BuildIndependentTargetsInParallel = 1;
				LastSwiftUpdateCheck = 1600;
				LastUpgradeCheck = 1600;
				TargetAttributes = {
					E00000000000000000000001 = {
						CreatedOnToolsVersion = 16.0;
					};
				};
			};
			buildConfigurationList = H00000000000000000000001 /* Build configuration list for PBXProject "OMNewsWatcher" */;
			compatibilityVersion = "Xcode 14.0";
			developmentRegion = de;
			hasScannedForEncodings = 0;
			knownRegions = (
				de,
				en,
				Base,
			);
			mainGroup = D00000000000000000000001;
			productRefGroup = D00000000000000000000007 /* Products */;
			projectDirPath = "";
			projectRoot = "";
			targets = (
				E00000000000000000000001 /* OMNewsWatcher */,
			);
		};
/* End PBXProject section */

/* Begin PBXResourcesBuildPhase section */
		F00000000000000000000002 /* Resources */ = {
			isa = PBXResourcesBuildPhase;
			buildActionMask = 2147483647;
			files = (
				A0000000000000000000000D /* Assets.xcassets in Resources */,
			);
			runOnlyForDeploymentPostprocessing = 0;
		};
/* End PBXResourcesBuildPhase section */

/* Begin PBXSourcesBuildPhase section */
		F00000000000000000000001 /* Sources */ = {
			isa = PBXSourcesBuildPhase;
			buildActionMask = 2147483647;
			files = (
				A00000000000000000000001 /* OMNewsWatcherApp.swift in Sources */,
				A00000000000000000000002 /* JSONValue.swift in Sources */,
				A00000000000000000000003 /* SourceRecord.swift in Sources */,
				A00000000000000000000004 /* KeychainStore.swift in Sources */,
				A00000000000000000000005 /* GitHubClient.swift in Sources */,
				A00000000000000000000006 /* AppViewModel.swift in Sources */,
				A00000000000000000000007 /* ContentView.swift in Sources */,
				A00000000000000000000008 /* SourceEditorView.swift in Sources */,
				A00000000000000000000009 /* SettingsView.swift in Sources */,
				A0000000000000000000000A /* SourceTestResult.swift in Sources */,
				A0000000000000000000000B /* SourceTester.swift in Sources */,
				A0000000000000000000000C /* ProblemSourcesView.swift in Sources */,
			);
			runOnlyForDeploymentPostprocessing = 0;
		};
/* End PBXSourcesBuildPhase section */

/* Begin XCBuildConfiguration section */
		G00000000000000000000001 /* Debug */ = {
			isa = XCBuildConfiguration;
			buildSettings = {
				ALWAYS_SEARCH_USER_PATHS = NO;
				CLANG_ENABLE_MODULES = YES;
				CLANG_ENABLE_OBJC_ARC = YES;
				COPY_PHASE_STRIP = NO;
				DEBUG_INFORMATION_FORMAT = dwarf;
				ENABLE_TESTABILITY = YES;
				GCC_C_LANGUAGE_STANDARD = gnu17;
				GCC_OPTIMIZATION_LEVEL = 0;
				MACOSX_DEPLOYMENT_TARGET = 14.0;
				ONLY_ACTIVE_ARCH = YES;
				SDKROOT = macosx;
				SWIFT_ACTIVE_COMPILATION_CONDITIONS = DEBUG;
				SWIFT_OPTIMIZATION_LEVEL = "-Onone";
			};
			name = Debug;
		};
		G00000000000000000000002 /* Release */ = {
			isa = XCBuildConfiguration;
			buildSettings = {
				ALWAYS_SEARCH_USER_PATHS = NO;
				CLANG_ENABLE_MODULES = YES;
				CLANG_ENABLE_OBJC_ARC = YES;
				COPY_PHASE_STRIP = NO;
				DEBUG_INFORMATION_FORMAT = "dwarf-with-dsym";
				GCC_C_LANGUAGE_STANDARD = gnu17;
				MACOSX_DEPLOYMENT_TARGET = 14.0;
				SDKROOT = macosx;
				SWIFT_COMPILATION_MODE = wholemodule;
			};
			name = Release;
		};
		G00000000000000000000003 /* Debug */ = {
			isa = XCBuildConfiguration;
			buildSettings = {
				CODE_SIGN_STYLE = Automatic;
				COMBINE_HIDPI_IMAGES = YES;
				CURRENT_PROJECT_VERSION = 20;
				ENABLE_HARDENED_RUNTIME = YES;
				GENERATE_INFOPLIST_FILE = YES;
				INFOPLIST_KEY_CFBundleDisplayName = "OM News Watcher";
				INFOPLIST_KEY_LSApplicationCategoryType = "public.app-category.productivity";
				INFOPLIST_KEY_NSHumanReadableCopyright = "onlinemarktplatz.de";
				MACOSX_DEPLOYMENT_TARGET = 14.0;
				MARKETING_VERSION = 2.0;
				PRODUCT_BUNDLE_IDENTIFIER = de.onlinemarktplatz.OMNewsWatcher;
				PRODUCT_NAME = "OM News Watcher";
				ASSETCATALOG_COMPILER_APPICON_NAME = AppIcon;
				SWIFT_EMIT_LOC_STRINGS = YES;
				SWIFT_VERSION = 5.0;
			};
			name = Debug;
		};
		G00000000000000000000004 /* Release */ = {
			isa = XCBuildConfiguration;
			buildSettings = {
				CODE_SIGN_STYLE = Automatic;
				COMBINE_HIDPI_IMAGES = YES;
				CURRENT_PROJECT_VERSION = 20;
				ENABLE_HARDENED_RUNTIME = YES;
				GENERATE_INFOPLIST_FILE = YES;
				INFOPLIST_KEY_CFBundleDisplayName = "OM News Watcher";
				INFOPLIST_KEY_LSApplicationCategoryType = "public.app-category.productivity";
				INFOPLIST_KEY_NSHumanReadableCopyright = "onlinemarktplatz.de";
				MACOSX_DEPLOYMENT_TARGET = 14.0;
				MARKETING_VERSION = 2.0;
				PRODUCT_BUNDLE_IDENTIFIER = de.onlinemarktplatz.OMNewsWatcher;
				PRODUCT_NAME = "OM News Watcher";
				ASSETCATALOG_COMPILER_APPICON_NAME = AppIcon;
				SWIFT_EMIT_LOC_STRINGS = YES;
				SWIFT_VERSION = 5.0;
			};
			name = Release;
		};
/* End XCBuildConfiguration section */

/* Begin XCConfigurationList section */
		H00000000000000000000001 /* Build configuration list for PBXProject "OMNewsWatcher" */ = {
			isa = XCConfigurationList;
			buildConfigurations = (
				G00000000000000000000001 /* Debug */,
				G00000000000000000000002 /* Release */,
			);
			defaultConfigurationIsVisible = 0;
			defaultConfigurationName = Release;
		};
		H00000000000000000000002 /* Build configuration list for PBXNativeTarget "OMNewsWatcher" */ = {
			isa = XCConfigurationList;
			buildConfigurations = (
				G00000000000000000000003 /* Debug */,
				G00000000000000000000004 /* Release */,
			);
			defaultConfigurationIsVisible = 0;
			defaultConfigurationName = Release;
		};
/* End XCConfigurationList section */
	};
	rootObject = E00000000000000000000002 /* Project object */;
}
